
Microsoft Visual Studio Solution File, Format Version 12.00
# Visual Studio 14
VisualStudioVersion = 14.0.25123.0
MinimumVisualStudioVersion = 10.0.40219.1
Project("{2150E333-8FDC-42A3-9474-1A3956D46DE8}") = "src", "src", "{8A2606AB-1516-46F7-84B5-C71610D7CB9F}"
EndProject
Project("{2150E333-8FDC-42A3-9474-1A3956D46DE8}") = "Solution Items", "Solution Items", "{3784A971-F162-4614-8BCF-26D2B0C5893D}"
	ProjectSection(SolutionItems) = preProject
		global.json = global.json
	EndProjectSection
EndProject
Project("{8BB2217D-0F2D-49D1-97BC-3654ED321F3B}") = "js-data-sharp", "src\js-data-sharp\js-data-sharp.xproj", "{EFFCDFF4-7438-483A-BD3D-35DC4BDF0BC0}"
EndProject
Global
	GlobalSection(SolutionConfigurationPlatforms) = preSolution
		Debug|Any CPU = Debug|Any CPU
		Release|Any CPU = Release|Any CPU
	EndGlobalSection
	GlobalSection(ProjectConfigurationPlatforms) = postSolution
		{EFFCDFF4-7438-483A-BD3D-35DC4BDF0BC0}.Debug|Any CPU.ActiveCfg = Debug|Any CPU
		{EFFCDFF4-7438-483A-BD3D-35DC4BDF0BC0}.Debug|Any CPU.Build.0 = Debug|Any CPU
		{EFFCDFF4-7438-483A-BD3D-35DC4BDF0BC0}.Release|Any CPU.ActiveCfg = Release|Any CPU
		{EFFCDFF4-7438-483A-BD3D-35DC4BDF0BC0}.Release|Any CPU.Build.0 = Release|Any CPU
	EndGlobalSection
	GlobalSection(SolutionProperties) = preSolution
		HideSolutionNode = FALSE
	EndGlobalSection
	GlobalSection(NestedProjects) = preSolution
		{EFFCDFF4-7438-483A-BD3D-35DC4BDF0BC0} = {8A2606AB-1516-46F7-84B5-C71610D7CB9F}
	EndGlobalSection
EndGlobal
