
Microsoft Visual Studio Solution File, Format Version 12.00
# Visual Studio 14
VisualStudioVersion = 14.0.25123.0
MinimumVisualStudioVersion = 10.0.40219.1
Project("{FAE04EC0-301F-11D3-BF4B-00C04F79EFBC}") = "JsData", "JsData\JsData.csproj", "{B47C4BC6-128E-4D9A-8D9B-4C7E17718723}"
EndProject
Project("{2150E333-8FDC-42A3-9474-1A3956D46DE8}") = "__Test", "__Test", "{9DE43B98-81CA-4D82-91CA-F5016A83D06C}"
EndProject
Project("{FAE04EC0-301F-11D3-BF4B-00C04F79EFBC}") = "JSData.Tests", "Tests\JSData.Tests\JSData.Tests.csproj", "{4C2BBEDC-B37D-4B13-A7D5-1A89B1DE5236}"
EndProject
Project("{2150E333-8FDC-42A3-9474-1A3956D46DE8}") = "_Examples", "_Examples", "{998B3F4A-2476-4B02-8B00-A006A014E6FC}"
EndProject
Project("{8BB2217D-0F2D-49D1-97BC-3654ED321F3B}") = "Examples.AspNetCore", "Examples\Examples.AspNetCore\Examples.AspNetCore.xproj", "{DA445382-10CD-4705-9E4C-5BCAE01559C6}"
EndProject
Project("{8BB2217D-0F2D-49D1-97BC-3654ED321F3B}") = "Examples.Shared", "Examples\Examples.Shared\Examples.Shared.xproj", "{A76EB7AE-3D55-4DD1-B4A4-5858ECC42DF6}"
EndProject
Project("{2150E333-8FDC-42A3-9474-1A3956D46DE8}") = "Dotnet", "Dotnet", "{BEF78EFD-FB1C-44A2-B16D-80B1001BAFD6}"
EndProject
Project("{8BB2217D-0F2D-49D1-97BC-3654ED321F3B}") = "JsData.Dotnet", "JsData\JsData.Dotnet.xproj", "{2684932A-7079-485F-8ED7-9A46B4513CC6}"
EndProject
Global
	GlobalSection(SolutionConfigurationPlatforms) = preSolution
		Debug|Any CPU = Debug|Any CPU
		Release|Any CPU = Release|Any CPU
	EndGlobalSection
	GlobalSection(ProjectConfigurationPlatforms) = postSolution
		{B47C4BC6-128E-4D9A-8D9B-4C7E17718723}.Debug|Any CPU.ActiveCfg = Debug|Any CPU
		{B47C4BC6-128E-4D9A-8D9B-4C7E17718723}.Debug|Any CPU.Build.0 = Debug|Any CPU
		{B47C4BC6-128E-4D9A-8D9B-4C7E17718723}.Release|Any CPU.ActiveCfg = Release|Any CPU
		{B47C4BC6-128E-4D9A-8D9B-4C7E17718723}.Release|Any CPU.Build.0 = Release|Any CPU
		{4C2BBEDC-B37D-4B13-A7D5-1A89B1DE5236}.Debug|Any CPU.ActiveCfg = Debug|Any CPU
		{4C2BBEDC-B37D-4B13-A7D5-1A89B1DE5236}.Debug|Any CPU.Build.0 = Debug|Any CPU
		{4C2BBEDC-B37D-4B13-A7D5-1A89B1DE5236}.Release|Any CPU.ActiveCfg = Release|Any CPU
		{4C2BBEDC-B37D-4B13-A7D5-1A89B1DE5236}.Release|Any CPU.Build.0 = Release|Any CPU
		{DA445382-10CD-4705-9E4C-5BCAE01559C6}.Debug|Any CPU.ActiveCfg = Debug|Any CPU
		{DA445382-10CD-4705-9E4C-5BCAE01559C6}.Debug|Any CPU.Build.0 = Debug|Any CPU
		{DA445382-10CD-4705-9E4C-5BCAE01559C6}.Release|Any CPU.ActiveCfg = Release|Any CPU
		{DA445382-10CD-4705-9E4C-5BCAE01559C6}.Release|Any CPU.Build.0 = Release|Any CPU
		{A76EB7AE-3D55-4DD1-B4A4-5858ECC42DF6}.Debug|Any CPU.ActiveCfg = Debug|Any CPU
		{A76EB7AE-3D55-4DD1-B4A4-5858ECC42DF6}.Debug|Any CPU.Build.0 = Debug|Any CPU
		{A76EB7AE-3D55-4DD1-B4A4-5858ECC42DF6}.Release|Any CPU.ActiveCfg = Release|Any CPU
		{A76EB7AE-3D55-4DD1-B4A4-5858ECC42DF6}.Release|Any CPU.Build.0 = Release|Any CPU
		{2684932A-7079-485F-8ED7-9A46B4513CC6}.Debug|Any CPU.ActiveCfg = Debug|Any CPU
		{2684932A-7079-485F-8ED7-9A46B4513CC6}.Debug|Any CPU.Build.0 = Debug|Any CPU
		{2684932A-7079-485F-8ED7-9A46B4513CC6}.Release|Any CPU.ActiveCfg = Release|Any CPU
		{2684932A-7079-485F-8ED7-9A46B4513CC6}.Release|Any CPU.Build.0 = Release|Any CPU
	EndGlobalSection
	GlobalSection(SolutionProperties) = preSolution
		HideSolutionNode = FALSE
	EndGlobalSection
	GlobalSection(NestedProjects) = preSolution
		{4C2BBEDC-B37D-4B13-A7D5-1A89B1DE5236} = {9DE43B98-81CA-4D82-91CA-F5016A83D06C}
		{DA445382-10CD-4705-9E4C-5BCAE01559C6} = {998B3F4A-2476-4B02-8B00-A006A014E6FC}
		{A76EB7AE-3D55-4DD1-B4A4-5858ECC42DF6} = {998B3F4A-2476-4B02-8B00-A006A014E6FC}
		{2684932A-7079-485F-8ED7-9A46B4513CC6} = {BEF78EFD-FB1C-44A2-B16D-80B1001BAFD6}
	EndGlobalSection
EndGlobal
